
Microsoft Visual Studio Solution File, Format Version 12.00
# Visual Studio Version 16
VisualStudioVersion = 16.0.30611.23
MinimumVisualStudioVersion = 10.0.40219.1
Project("{FAE04EC0-301F-11D3-BF4B-00C04F79EFBC}") = "ProjectSub", "ProjectSub\ProjectSub.csproj", "{D81CDEE2-CE9D-4291-BD36-5B9D14CAB82E}"
EndProject
Global
	GlobalSection(SolutionConfigurationPlatforms) = preSolution
		Debug|Any CPU = Debug|Any CPU
		Release|Any CPU = Release|Any CPU
	EndGlobalSection
	GlobalSection(ProjectConfigurationPlatforms) = postSolution
		{D81CDEE2-CE9D-4291-BD36-5B9D14CAB82E}.Debug|Any CPU.ActiveCfg = Debug|Any CPU
		{D81CDEE2-CE9D-4291-BD36-5B9D14CAB82E}.Debug|Any CPU.Build.0 = Debug|Any CPU
		{D81CDEE2-CE9D-4291-BD36-5B9D14CAB82E}.Release|Any CPU.ActiveCfg = Release|Any CPU
		{D81CDEE2-CE9D-4291-BD36-5B9D14CAB82E}.Release|Any CPU.Build.0 = Release|Any CPU
	EndGlobalSection
	GlobalSection(SolutionProperties) = preSolution
		HideSolutionNode = FALSE
	EndGlobalSection
	GlobalSection(ExtensibilityGlobals) = postSolution
		SolutionGuid = {AA06CB8D-9131-4BDA-971A-9D1EB1B70F18}
	EndGlobalSection
EndGlobal
